
Microsoft Visual Studio Solution File, Format Version 12.00
# Visual Studio Version 17
VisualStudioVersion = 17.4.33006.217
MinimumVisualStudioVersion = 10.0.40219.1
Project("{FAE04EC0-301F-11D3-BF4B-00C04F79EFBC}") = "WcfService1_SOAP", "WcfService1_SOAP.csproj", "{9325619C-1381-42DD-80AA-9ED5F3B03D40}"
EndProject
Global
	GlobalSection(SolutionConfigurationPlatforms) = preSolution
		Debug|Any CPU = Debug|Any CPU
		Release|Any CPU = Release|Any CPU
	EndGlobalSection
	GlobalSection(ProjectConfigurationPlatforms) = postSolution
		{9325619C-1381-42DD-80AA-9ED5F3B03D40}.Debug|Any CPU.ActiveCfg = Debug|Any CPU
		{9325619C-1381-42DD-80AA-9ED5F3B03D40}.Debug|Any CPU.Build.0 = Debug|Any CPU
		{9325619C-1381-42DD-80AA-9ED5F3B03D40}.Release|Any CPU.ActiveCfg = Release|Any CPU
		{9325619C-1381-42DD-80AA-9ED5F3B03D40}.Release|Any CPU.Build.0 = Release|Any CPU
	EndGlobalSection
	GlobalSection(SolutionProperties) = preSolution
		HideSolutionNode = FALSE
	EndGlobalSection
	GlobalSection(ExtensibilityGlobals) = postSolution
		SolutionGuid = {95B04233-A26D-4915-BC13-4158CC4BAC09}
	EndGlobalSection
EndGlobal
